
Microsoft Visual Studio Solution File, Format Version 12.00
Project("{2150E333-8FDC-42A3-9474-1A3956D46DE8}") = "Module_3", "Module_3", "{FCE82686-0327-47A4-B197-F2A3256CDAAA}"
EndProject
Project("{2150E333-8FDC-42A3-9474-1A3956D46DE8}") = "Module_2", "Module_2", "{BF706BF3-E49A-4185-BA05-9486FD224D24}"
EndProject
Project("{FAE04EC0-301F-11D3-BF4B-00C04F79EFBC}") = "Module_2.Task_1", "Module_2\Module_2.Task_1\Module_2.Task_1.csproj", "{6BBDCB1C-139E-49E5-98A8-3FFF591B32B7}"
EndProject
Project("{FAE04EC0-301F-11D3-BF4B-00C04F79EFBC}") = "Module_2.Task_2", "Module_2\Module_2.Task_2\Module_2.Task_2.csproj", "{4C392EE7-5EA9-4E55-BE6F-D479FD382602}"
EndProject
Project("{FAE04EC0-301F-11D3-BF4B-00C04F79EFBC}") = "Module_2.Task_3", "Module_2\Module_2.Task_3\Module_2.Task_3.csproj", "{6898F32A-5418-4150-9755-60E478B4BFB3}"
EndProject
Global
	GlobalSection(SolutionConfigurationPlatforms) = preSolution
		Debug|Any CPU = Debug|Any CPU
		Release|Any CPU = Release|Any CPU
	EndGlobalSection
	GlobalSection(ProjectConfigurationPlatforms) = postSolution
		{6BBDCB1C-139E-49E5-98A8-3FFF591B32B7}.Debug|Any CPU.ActiveCfg = Debug|Any CPU
		{6BBDCB1C-139E-49E5-98A8-3FFF591B32B7}.Debug|Any CPU.Build.0 = Debug|Any CPU
		{6BBDCB1C-139E-49E5-98A8-3FFF591B32B7}.Release|Any CPU.ActiveCfg = Release|Any CPU
		{6BBDCB1C-139E-49E5-98A8-3FFF591B32B7}.Release|Any CPU.Build.0 = Release|Any CPU
		{4C392EE7-5EA9-4E55-BE6F-D479FD382602}.Debug|Any CPU.ActiveCfg = Debug|Any CPU
		{4C392EE7-5EA9-4E55-BE6F-D479FD382602}.Debug|Any CPU.Build.0 = Debug|Any CPU
		{4C392EE7-5EA9-4E55-BE6F-D479FD382602}.Release|Any CPU.ActiveCfg = Release|Any CPU
		{4C392EE7-5EA9-4E55-BE6F-D479FD382602}.Release|Any CPU.Build.0 = Release|Any CPU
		{6898F32A-5418-4150-9755-60E478B4BFB3}.Debug|Any CPU.ActiveCfg = Debug|Any CPU
		{6898F32A-5418-4150-9755-60E478B4BFB3}.Debug|Any CPU.Build.0 = Debug|Any CPU
		{6898F32A-5418-4150-9755-60E478B4BFB3}.Release|Any CPU.ActiveCfg = Release|Any CPU
		{6898F32A-5418-4150-9755-60E478B4BFB3}.Release|Any CPU.Build.0 = Release|Any CPU
	EndGlobalSection
	GlobalSection(NestedProjects) = preSolution
		{6BBDCB1C-139E-49E5-98A8-3FFF591B32B7} = {BF706BF3-E49A-4185-BA05-9486FD224D24}
		{4C392EE7-5EA9-4E55-BE6F-D479FD382602} = {BF706BF3-E49A-4185-BA05-9486FD224D24}
		{6898F32A-5418-4150-9755-60E478B4BFB3} = {BF706BF3-E49A-4185-BA05-9486FD224D24}
	EndGlobalSection
EndGlobal
