
Microsoft Visual Studio Solution File, Format Version 12.00
Project("{2150E333-8FDC-42A3-9474-1A3956D46DE8}") = "Module_3", "Module_3", "{FCE82686-0327-47A4-B197-F2A3256CDAAA}"
EndProject
Project("{2150E333-8FDC-42A3-9474-1A3956D46DE8}") = "Module_2", "Module_2", "{BF706BF3-E49A-4185-BA05-9486FD224D24}"
EndProject
Project("{FAE04EC0-301F-11D3-BF4B-00C04F79EFBC}") = "Module_2.Task_1", "Module_2\Module_2.Task_1\Module_2.Task_1.csproj", "{6BBDCB1C-139E-49E5-98A8-3FFF591B32B7}"
EndProject
Project("{FAE04EC0-301F-11D3-BF4B-00C04F79EFBC}") = "Module_2.Task_2", "Module_2\Module_2.Task_2\Module_2.Task_2.csproj", "{4C392EE7-5EA9-4E55-BE6F-D479FD382602}"
EndProject
Project("{FAE04EC0-301F-11D3-BF4B-00C04F79EFBC}") = "Module_2.Task_3", "Module_2\Module_2.Task_3\Module_2.Task_3.csproj", "{6898F32A-5418-4150-9755-60E478B4BFB3}"
EndProject
Project("{FAE04EC0-301F-11D3-BF4B-00C04F79EFBC}") = "Module_3.Task_1", "Module_3\Module_3.Task_1\Module_3.Task_1.csproj", "{FBE1D30F-A93C-47F1-9856-91D13E66C521}"
EndProject
Project("{FAE04EC0-301F-11D3-BF4B-00C04F79EFBC}") = "Module_3.Task_2", "Module_3\Module_3.Task_2\Module_3.Task_2.csproj", "{5C1ED0F7-3468-4141-BF75-D69A88CEDAE9}"
EndProject
Project("{FAE04EC0-301F-11D3-BF4B-00C04F79EFBC}") = "Module_3.Task_3", "Module_3\Module_3.Task_3\Module_3.Task_3.csproj", "{CDAE6A0E-18EB-4C82-A813-C0253928AFDB}"
EndProject
Project("{FAE04EC0-301F-11D3-BF4B-00C04F79EFBC}") = "Module_3.Task_4", "Module_3\Module_3.Task_4\Module_3.Task_4.csproj", "{5F12B2B4-C0E0-44F4-A96E-C33F4D99A97E}"
EndProject
Project("{2150E333-8FDC-42A3-9474-1A3956D46DE8}") = "Module_4", "Module_4", "{50B8FB20-5621-4C81-8098-1AC52E1C76F0}"
EndProject
Project("{2150E333-8FDC-42A3-9474-1A3956D46DE8}") = "Module_5", "Module_5", "{5E6ACC38-92AB-49CF-9539-8235A2B5D10C}"
EndProject
Project("{2150E333-8FDC-42A3-9474-1A3956D46DE8}") = "Module_6", "Module_6", "{14306C67-E700-4384-A14F-BC6A5D955891}"
EndProject
Project("{2150E333-8FDC-42A3-9474-1A3956D46DE8}") = "Module_7", "Module_7", "{C409F0B6-EB18-42AB-A3FB-5D9288EBE1A3}"
EndProject
Project("{2150E333-8FDC-42A3-9474-1A3956D46DE8}") = "Module_8", "Module_8", "{45426641-9601-4CFB-BF7F-73137B351A80}"
EndProject
Project("{2150E333-8FDC-42A3-9474-1A3956D46DE8}") = "Module_9", "Module_9", "{351DF253-B4A7-42B4-B36B-EE407F64E528}"
EndProject
Project("{2150E333-8FDC-42A3-9474-1A3956D46DE8}") = "Module_10", "Module_10", "{12FFBCB4-0412-4A64-9AD7-F0B707E58FBA}"
EndProject
Project("{2150E333-8FDC-42A3-9474-1A3956D46DE8}") = "Module_11", "Module_11", "{1C4630EC-7DA2-467E-AB86-520E3FF28C12}"
EndProject
Project("{2150E333-8FDC-42A3-9474-1A3956D46DE8}") = "Module_12", "Module_12", "{59731C1F-1C79-468B-AED7-DAD122977EB9}"
EndProject
Project("{2150E333-8FDC-42A3-9474-1A3956D46DE8}") = "Module_13", "Module_13", "{AF2DB514-B750-4B71-A46D-FBC56012496A}"
EndProject
Project("{2150E333-8FDC-42A3-9474-1A3956D46DE8}") = "Module_14", "Module_14", "{2AEDFAEF-C8DF-42FF-A4E8-2F6CDB51690E}"
EndProject
Project("{2150E333-8FDC-42A3-9474-1A3956D46DE8}") = "Module_15", "Module_15", "{015C00EB-5A55-4B2B-A3B2-33FDA08C944E}"
EndProject
Project("{2150E333-8FDC-42A3-9474-1A3956D46DE8}") = "Module_16", "Module_16", "{8F198F66-CDC8-46FB-9FE0-F62F8579EB8F}"
EndProject
Project("{2150E333-8FDC-42A3-9474-1A3956D46DE8}") = "Module_17", "Module_17", "{EE32DB95-A70F-4CA2-880F-6C801F5823AC}"
EndProject
Project("{2150E333-8FDC-42A3-9474-1A3956D46DE8}") = "Module_18", "Module_18", "{78C71659-E532-48FB-93E1-8C2F6433FD89}"
EndProject
Project("{2150E333-8FDC-42A3-9474-1A3956D46DE8}") = "Module_19", "Module_19", "{E531BC5D-F859-4DC8-9536-5B2C46D77F52}"
EndProject
Project("{2150E333-8FDC-42A3-9474-1A3956D46DE8}") = "Module_20", "Module_20", "{206B797E-C362-4112-A699-FB14CF0B48C1}"
EndProject
Project("{2150E333-8FDC-42A3-9474-1A3956D46DE8}") = "Module_21", "Module_21", "{95B311F3-6A09-4E69-BA52-D5388D1312DD}"
EndProject
Project("{2150E333-8FDC-42A3-9474-1A3956D46DE8}") = "Module_22", "Module_22", "{86242C3F-CB1D-4ECB-B1A6-B07CD6E68D13}"
EndProject
Project("{2150E333-8FDC-42A3-9474-1A3956D46DE8}") = "Module_23", "Module_23", "{A74A0303-8B59-4498-A893-99FB3D935155}"
EndProject
Global
	GlobalSection(SolutionConfigurationPlatforms) = preSolution
		Debug|Any CPU = Debug|Any CPU
		Release|Any CPU = Release|Any CPU
	EndGlobalSection
	GlobalSection(ProjectConfigurationPlatforms) = postSolution
		{6BBDCB1C-139E-49E5-98A8-3FFF591B32B7}.Debug|Any CPU.ActiveCfg = Debug|Any CPU
		{6BBDCB1C-139E-49E5-98A8-3FFF591B32B7}.Debug|Any CPU.Build.0 = Debug|Any CPU
		{6BBDCB1C-139E-49E5-98A8-3FFF591B32B7}.Release|Any CPU.ActiveCfg = Release|Any CPU
		{6BBDCB1C-139E-49E5-98A8-3FFF591B32B7}.Release|Any CPU.Build.0 = Release|Any CPU
		{4C392EE7-5EA9-4E55-BE6F-D479FD382602}.Debug|Any CPU.ActiveCfg = Debug|Any CPU
		{4C392EE7-5EA9-4E55-BE6F-D479FD382602}.Debug|Any CPU.Build.0 = Debug|Any CPU
		{4C392EE7-5EA9-4E55-BE6F-D479FD382602}.Release|Any CPU.ActiveCfg = Release|Any CPU
		{4C392EE7-5EA9-4E55-BE6F-D479FD382602}.Release|Any CPU.Build.0 = Release|Any CPU
		{6898F32A-5418-4150-9755-60E478B4BFB3}.Debug|Any CPU.ActiveCfg = Debug|Any CPU
		{6898F32A-5418-4150-9755-60E478B4BFB3}.Debug|Any CPU.Build.0 = Debug|Any CPU
		{6898F32A-5418-4150-9755-60E478B4BFB3}.Release|Any CPU.ActiveCfg = Release|Any CPU
		{6898F32A-5418-4150-9755-60E478B4BFB3}.Release|Any CPU.Build.0 = Release|Any CPU
		{FBE1D30F-A93C-47F1-9856-91D13E66C521}.Debug|Any CPU.ActiveCfg = Debug|Any CPU
		{FBE1D30F-A93C-47F1-9856-91D13E66C521}.Debug|Any CPU.Build.0 = Debug|Any CPU
		{FBE1D30F-A93C-47F1-9856-91D13E66C521}.Release|Any CPU.ActiveCfg = Release|Any CPU
		{FBE1D30F-A93C-47F1-9856-91D13E66C521}.Release|Any CPU.Build.0 = Release|Any CPU
		{5C1ED0F7-3468-4141-BF75-D69A88CEDAE9}.Debug|Any CPU.ActiveCfg = Debug|Any CPU
		{5C1ED0F7-3468-4141-BF75-D69A88CEDAE9}.Debug|Any CPU.Build.0 = Debug|Any CPU
		{5C1ED0F7-3468-4141-BF75-D69A88CEDAE9}.Release|Any CPU.ActiveCfg = Release|Any CPU
		{5C1ED0F7-3468-4141-BF75-D69A88CEDAE9}.Release|Any CPU.Build.0 = Release|Any CPU
		{CDAE6A0E-18EB-4C82-A813-C0253928AFDB}.Debug|Any CPU.ActiveCfg = Debug|Any CPU
		{CDAE6A0E-18EB-4C82-A813-C0253928AFDB}.Debug|Any CPU.Build.0 = Debug|Any CPU
		{CDAE6A0E-18EB-4C82-A813-C0253928AFDB}.Release|Any CPU.ActiveCfg = Release|Any CPU
		{CDAE6A0E-18EB-4C82-A813-C0253928AFDB}.Release|Any CPU.Build.0 = Release|Any CPU
		{5F12B2B4-C0E0-44F4-A96E-C33F4D99A97E}.Debug|Any CPU.ActiveCfg = Debug|Any CPU
		{5F12B2B4-C0E0-44F4-A96E-C33F4D99A97E}.Debug|Any CPU.Build.0 = Debug|Any CPU
		{5F12B2B4-C0E0-44F4-A96E-C33F4D99A97E}.Release|Any CPU.ActiveCfg = Release|Any CPU
		{5F12B2B4-C0E0-44F4-A96E-C33F4D99A97E}.Release|Any CPU.Build.0 = Release|Any CPU
	EndGlobalSection
	GlobalSection(NestedProjects) = preSolution
		{6BBDCB1C-139E-49E5-98A8-3FFF591B32B7} = {BF706BF3-E49A-4185-BA05-9486FD224D24}
		{4C392EE7-5EA9-4E55-BE6F-D479FD382602} = {BF706BF3-E49A-4185-BA05-9486FD224D24}
		{6898F32A-5418-4150-9755-60E478B4BFB3} = {BF706BF3-E49A-4185-BA05-9486FD224D24}
		{FBE1D30F-A93C-47F1-9856-91D13E66C521} = {FCE82686-0327-47A4-B197-F2A3256CDAAA}
		{5C1ED0F7-3468-4141-BF75-D69A88CEDAE9} = {FCE82686-0327-47A4-B197-F2A3256CDAAA}
		{CDAE6A0E-18EB-4C82-A813-C0253928AFDB} = {FCE82686-0327-47A4-B197-F2A3256CDAAA}
		{5F12B2B4-C0E0-44F4-A96E-C33F4D99A97E} = {FCE82686-0327-47A4-B197-F2A3256CDAAA}
	EndGlobalSection
EndGlobal
